{
  "nodes": {
    "home-manager": {
      "inputs": {
        "nixpkgs": [
          "nixpkgs"
        ]
      },
      "locked": {
        "lastModified": 1790742243,
        "narHash": "sha256-kaNo6xHiL31AbNNEreG0OTKf4j6Cxlo5bPawjX7lnbQ=",
        "owner": "nix-community",
        "repo": "home-manager",
        "rev": "e5fcd298a00f08b6e8390baf04aa8edb62203070",
        "type": "github"
      },
      "original": {
        "owner": "nix-community",
        "ref": "release-26.05",
        "repo": "home-manager",
        "type": "github"
      }
    },
    "home-manager_2": {
      "inputs": {
        "nixpkgs": [
          "nix-skills",
          "nixpkgs"
        ]
      },
      "locked": {
        "lastModified": 1790080548,
        "narHash": "sha256-u4sa7RCbwvk8cZmAGs35F7o0h4IqDc3wsrrnjQvMumk=",
        "owner": "nix-community",
        "repo": "home-manager",
        "rev": "cbcbfa2778e0c5653ef349df3ebae8288efac3c0",
        "type": "github"
      },
      "original": {
        "owner": "nix-community",
        "repo": "home-manager",
        "rev": "cbcbfa2778e0c5653ef349df3ebae8288efac3c0",
        "type": "github"
      }
    },
    "nix-skills": {
      "inputs": {
        "home-manager": "home-manager_2",
        "nixpkgs": "nixpkgs"
      },
      "locked": {
        "lastModified": 1790233682,
        "narHash": "sha256-kpfzu06HYAMP/pmu3CRPQb+skIjZGByxvaUy7F08axw=",
        "owner": "olafkfreund",
        "repo": "nix-skills",
        "rev": "f5c8e8b3b3255e323e5b84192d0b6ed2e79ef4f4",
        "type": "github"
      },
      "original": {
        "owner": "olafkfreund",
        "repo": "nix-skills",
        "type": "github"
      }
    },
    "nixpkgs": {
      "locked": {
        "lastModified": 1790084117,
        "narHash": "sha256-Pr1tm7xVB590hBsHJv0W5ZauQFZRz2d5uHjPRwJ9sWQ=",
        "owner": "NixOS",
        "repo": "nixpkgs",
        "rev": "d4bff64ad63ff84484ef2204c1328924725c1c82",
        "type": "github"
      },
      "original": {
        "owner": "NixOS",
        "repo": "nixpkgs",
        "rev": "d4bff64ad63ff84484ef2204c1328924725c1c82",
        "type": "github"
      }
    },
    "nixpkgs_2": {
      "locked": {
        "lastModified": 1790635395,
        "narHash": "sha256-bNyvoIyOCu7lzoCpWKWGIsHpTtERUWzqYWFPlN++WTw=",
        "owner": "NixOS",
        "repo": "nixpkgs",
        "rev": "7fc6f2c20af09cdcaf48b92ec3121860139ec668",
        "type": "github"
      },
      "original": {
        "owner": "NixOS",
        "ref": "nixos-26.05",
        "repo": "nixpkgs",
        "type": "github"
      }
    },
    "root": {
      "inputs": {
        "home-manager": "home-manager",
        "nix-skills": "nix-skills",
        "nixpkgs": "nixpkgs_2"
      }
    }
  },
  "root": "root",
  "version": 7
}
